
Microsoft Visual Studio Solution File, Format Version 12.00
# Visual Studio Version 17
VisualStudioVersion = 17.9.34723.18
MinimumVisualStudioVersion = 10.0.40219.1
Project("{FAE04EC0-301F-11D3-BF4B-00C04F79EFBC}") = "WebApplication2", "WebApplication2.csproj", "{949166E0-54DD-45EC-862B-50A212EFACBA}"
EndProject
Global
	GlobalSection(SolutionConfigurationPlatforms) = preSolution
		Debug|Any CPU = Debug|Any CPU
		Release|Any CPU = Release|Any CPU
	EndGlobalSection
	GlobalSection(ProjectConfigurationPlatforms) = postSolution
		{949166E0-54DD-45EC-862B-50A212EFACBA}.Debug|Any CPU.ActiveCfg = Debug|Any CPU
		{949166E0-54DD-45EC-862B-50A212EFACBA}.Debug|Any CPU.Build.0 = Debug|Any CPU
		{949166E0-54DD-45EC-862B-50A212EFACBA}.Release|Any CPU.ActiveCfg = Release|Any CPU
		{949166E0-54DD-45EC-862B-50A212EFACBA}.Release|Any CPU.Build.0 = Release|Any CPU
	EndGlobalSection
	GlobalSection(SolutionProperties) = preSolution
		HideSolutionNode = FALSE
	EndGlobalSection
	GlobalSection(ExtensibilityGlobals) = postSolution
		SolutionGuid = {4DD6E344-C325-47C0-A721-7CE877A86DFA}
	EndGlobalSection
EndGlobal
